{
  "name": "yorkie-test",
  "lockfileVersion": 2,
  "requires": true,
  "packages": {
    "": {
      "dependencies": {
        "yorkie-js-sdk": "^0.2.7"
      }
    },
    "node_modules/@types/google-protobuf": {
      "version": "3.15.6",
      "resolved": "https://registry.npmjs.org/@types/google-protobuf/-/google-protobuf-3.15.6.tgz",
      "integrity": "sha512-pYVNNJ+winC4aek+lZp93sIKxnXt5qMkuKmaqS3WGuTq0Bw1ZDYNBgzG5kkdtwcv+GmYJGo3yEg6z2cKKAiEdw=="
    },
    "node_modules/@types/long": {
      "version": "4.0.2",
      "resolved": "https://registry.npmjs.org/@types/long/-/long-4.0.2.tgz",
      "integrity": "sha512-MqTGEo5bj5t157U6fA/BiDynNkn0YknVdh48CMPkTSpFTVmvao5UQmm7uEF6xBEo7qIMAlY/JSleYaE6VOdpaA=="
    },
    "node_modules/google-protobuf": {
      "version": "3.20.1",
      "resolved": "https://registry.npmjs.org/google-protobuf/-/google-protobuf-3.20.1.tgz",
      "integrity": "sha512-XMf1+O32FjYIV3CYu6Tuh5PNbfNEU5Xu22X+Xkdb/DUexFlCzhvv7d5Iirm4AOwn8lv4al1YvIhzGrg2j9Zfzw=="
    },
    "node_modules/grpc-web": {
      "version": "1.3.1",
      "resolved": "https://registry.npmjs.org/grpc-web/-/grpc-web-1.3.1.tgz",
      "integrity": "sha512-VxyYEAGsatecAFY3xieRDzsuhm92yQBsJD7fd5Z3MY150hZWPwkrUWetzJ0QK5W0uym4+VedPQrei38wk0eIjQ=="
    },
    "node_modules/long": {
      "version": "5.2.0",
      "resolved": "https://registry.npmjs.org/long/-/long-5.2.0.tgz",
      "integrity": "sha512-9RTUNjK60eJbx3uz+TEGF7fUr29ZDxR5QzXcyDpeSfeH28S9ycINflOgOlppit5U+4kNTe83KQnMEerw7GmE8w=="
    },
    "node_modules/yorkie-js-sdk": {
      "version": "0.2.7",
      "resolved": "https://registry.npmjs.org/yorkie-js-sdk/-/yorkie-js-sdk-0.2.7.tgz",
      "integrity": "sha512-3GXcBPUq2osjxQFjuAoVQLX55uM9dSeZREtzuHbYNTaCvm3c4Mrd5poHE3bpNhJ86E/IU/s3hrMlQVx+pSBNuQ==",
      "dependencies": {
        "@types/google-protobuf": "^3.15.5",
        "@types/long": "^4.0.1",
        "google-protobuf": "^3.19.4",
        "grpc-web": "^1.3.1",
        "long": "^5.2.0"
      },
      "engines": {
        "node": ">=16.0.0",
        "npm": ">=7.1.0"
      }
    }
  },
  "dependencies": {
    "@types/google-protobuf": {
      "version": "3.15.6",
      "resolved": "https://registry.npmjs.org/@types/google-protobuf/-/google-protobuf-3.15.6.tgz",
      "integrity": "sha512-pYVNNJ+winC4aek+lZp93sIKxnXt5qMkuKmaqS3WGuTq0Bw1ZDYNBgzG5kkdtwcv+GmYJGo3yEg6z2cKKAiEdw=="
    },
    "@types/long": {
      "version": "4.0.2",
      "resolved": "https://registry.npmjs.org/@types/long/-/long-4.0.2.tgz",
      "integrity": "sha512-MqTGEo5bj5t157U6fA/BiDynNkn0YknVdh48CMPkTSpFTVmvao5UQmm7uEF6xBEo7qIMAlY/JSleYaE6VOdpaA=="
    },
    "google-protobuf": {
      "version": "3.20.1",
      "resolved": "https://registry.npmjs.org/google-protobuf/-/google-protobuf-3.20.1.tgz",
      "integrity": "sha512-XMf1+O32FjYIV3CYu6Tuh5PNbfNEU5Xu22X+Xkdb/DUexFlCzhvv7d5Iirm4AOwn8lv4al1YvIhzGrg2j9Zfzw=="
    },
    "grpc-web": {
      "version": "1.3.1",
      "resolved": "https://registry.npmjs.org/grpc-web/-/grpc-web-1.3.1.tgz",
      "integrity": "sha512-VxyYEAGsatecAFY3xieRDzsuhm92yQBsJD7fd5Z3MY150hZWPwkrUWetzJ0QK5W0uym4+VedPQrei38wk0eIjQ=="
    },
    "long": {
      "version": "5.2.0",
      "resolved": "https://registry.npmjs.org/long/-/long-5.2.0.tgz",
      "integrity": "sha512-9RTUNjK60eJbx3uz+TEGF7fUr29ZDxR5QzXcyDpeSfeH28S9ycINflOgOlppit5U+4kNTe83KQnMEerw7GmE8w=="
    },
    "yorkie-js-sdk": {
      "version": "0.2.7",
      "resolved": "https://registry.npmjs.org/yorkie-js-sdk/-/yorkie-js-sdk-0.2.7.tgz",
      "integrity": "sha512-3GXcBPUq2osjxQFjuAoVQLX55uM9dSeZREtzuHbYNTaCvm3c4Mrd5poHE3bpNhJ86E/IU/s3hrMlQVx+pSBNuQ==",
      "requires": {
        "@types/google-protobuf": "^3.15.5",
        "@types/long": "^4.0.1",
        "google-protobuf": "^3.19.4",
        "grpc-web": "^1.3.1",
        "long": "^5.2.0"
      }
    }
  }
}
